// !$*UTF8*$!
{
	archiveVersion = 1;
	classes = {
	};
	objectVersion = 46;
	objects = {

/* Begin PBXBuildFile section */
		8D463CBF1C858061009F16E8 /* AppDelegate.swift in Sources */ = {isa = PBXBuildFile; fileRef = 8D463CBE1C858061009F16E8 /* AppDelegate.swift */; };
		8D463CC11C858061009F16E8 /* ViewController.swift in Sources */ = {isa = PBXBuildFile; fileRef = 8D463CC01C858061009F16E8 /* ViewController.swift */; };
		8D463CC41C858061009F16E8 /* Main.storyboard in Resources */ = {isa = PBXBuildFile; fileRef = 8D463CC21C858061009F16E8 /* Main.storyboard */; };
		8D463CC61C858061009F16E8 /* Images.xcassets in Resources */ = {isa = PBXBuildFile; fileRef = 8D463CC51C858061009F16E8 /* Images.xcassets */; };
		8D463CC91C858061009F16E8 /* LaunchScreen.xib in Resources */ = {isa = PBXBuildFile; fileRef = 8D463CC71C858061009F16E8 /* LaunchScreen.xib */; };
		8D463CD51C858061009F16E8 /* swift3Tests.swift in Sources */ = {isa = PBXBuildFile; fileRef = 8D463CD41C858061009F16E8 /* swift3Tests.swift */; };
/* End PBXBuildFile section */

/* Begin PBXContainerItemProxy section */
		8D463CCF1C858061009F16E8 /* PBXContainerItemProxy */ = {
			isa = PBXContainerItemProxy;
			containerPortal = 8D463CB11C858061009F16E8 /* Project object */;
			proxyType = 1;
			remoteGlobalIDString = 8D463CB81C858061009F16E8;
			remoteInfo = swift3;
		};
/* End PBXContainerItemProxy section */

/* Begin PBXFileReference section */
		8D463CB91C858061009F16E8 /* swift3.app */ = {isa = PBXFileReference; explicitFileType = wrapper.application; includeInIndex = 0; path = swift3.app; sourceTree = BUILT_PRODUCTS_DIR; };
		8D463CBD1C858061009F16E8 /* Info.plist */ = {isa = PBXFileReference; lastKnownFileType = text.plist.xml; path = Info.plist; sourceTree = "<group>"; };
		8D463CBE1C858061009F16E8 /* AppDelegate.swift */ = {isa = PBXFileReference; lastKnownFileType = sourcecode.swift; path = AppDelegate.swift; sourceTree = "<group>"; };
		8D463CC01C858061009F16E8 /* ViewController.swift */ = {isa = PBXFileReference; lastKnownFileType = sourcecode.swift; path = ViewController.swift; sourceTree = "<group>"; };
		8D463CC31C858061009F16E8 /* Base */ = {isa = PBXFileReference; lastKnownFileType = file.storyboard; name = Base; path = Base.lproj/Main.storyboard; sourceTree = "<group>"; };
		8D463CC51C858061009F16E8 /* Images.xcassets */ = {isa = PBXFileReference; lastKnownFileType = folder.assetcatalog; path = Images.xcassets; sourceTree = "<group>"; };
		8D463CC81C858061009F16E8 /* Base */ = {isa = PBXFileReference; lastKnownFileType = file.xib; name = Base; path = Base.lproj/LaunchScreen.xib; sourceTree = "<group>"; };
		8D463CCE1C858061009F16E8 /* swift3Tests.xctest */ = {isa = PBXFileReference; explicitFileType = wrapper.cfbundle; includeInIndex = 0; path = swift3Tests.xctest; sourceTree = BUILT_PRODUCTS_DIR; };
		8D463CD31C858061009F16E8 /* Info.plist */ = {isa = PBXFileReference; lastKnownFileType = text.plist.xml; path = Info.plist; sourceTree = "<group>"; };
		8D463CD41C858061009F16E8 /* swift3Tests.swift */ = {isa = PBXFileReference; lastKnownFileType = sourcecode.swift; path = swift3Tests.swift; sourceTree = "<group>"; };
/* End PBXFileReference section */

/* Begin PBXFrameworksBuildPhase section */
		8D463CB61C858061009F16E8 /* Frameworks */ = {
			isa = PBXFrameworksBuildPhase;
			buildActionMask = 2147483647;
			files = (
			);
			runOnlyForDeploymentPostprocessing = 0;
		};
		8D463CCB1C858061009F16E8 /* Frameworks */ = {
			isa = PBXFrameworksBuildPhase;
			buildActionMask = 2147483647;
			files = (
			);
			runOnlyForDeploymentPostprocessing = 0;
		};
/* End PBXFrameworksBuildPhase section */

/* Begin PBXGroup section */
		8D463CB01C858060009F16E8 = {
			isa = PBXGroup;
			children = (
				8D463CBB1C858061009F16E8 /* swift3 */,
				8D463CD11C858061009F16E8 /* swift3Tests */,
				8D463CBA1C858061009F16E8 /* Products */,
			);
			sourceTree = "<group>";
		};
		8D463CBA1C858061009F16E8 /* Products */ = {
			isa = PBXGroup;
			children = (
				8D463CB91C858061009F16E8 /* swift3.app */,
				8D463CCE1C858061009F16E8 /* swift3Tests.xctest */,
			);
			name = Products;
			sourceTree = "<group>";
		};
		8D463CBB1C858061009F16E8 /* swift3 */ = {
			isa = PBXGroup;
			children = (
				8D463CBE1C858061009F16E8 /* AppDelegate.swift */,
				8D463CC01C858061009F16E8 /* ViewController.swift */,
				8D463CC21C858061009F16E8 /* Main.storyboard */,
				8D463CC51C858061009F16E8 /* Images.xcassets */,
				8D463CC71C858061009F16E8 /* LaunchScreen.xib */,
				8D463CBC1C858061009F16E8 /* Supporting Files */,
			);
			path = swift3;
			sourceTree = "<group>";
		};
		8D463CBC1C858061009F16E8 /* Supporting Files */ = {
			isa = PBXGroup;
			children = (
				8D463CBD1C858061009F16E8 /* Info.plist */,
			);
			name = "Supporting Files";
			sourceTree = "<group>";
		};
		8D463CD11C858061009F16E8 /* swift3Tests */ = {
			isa = PBXGroup;
			children = (
				8D463CD41C858061009F16E8 /* swift3Tests.swift */,
				8D463CD21C858061009F16E8 /* Supporting Files */,
			);
			path = swift3Tests;
			sourceTree = "<group>";
		};
		8D463CD21C858061009F16E8 /* Supporting Files */ = {
			isa = PBXGroup;
			children = (
				8D463CD31C858061009F16E8 /* Info.plist */,
			);
			name = "Supporting Files";
			sourceTree = "<group>";
		};
/* End PBXGroup section */

/* Begin PBXNativeTarget section */
		8D463CB81C858061009F16E8 /* swift3 */ = {
			isa = PBXNativeTarget;
			buildConfigurationList = 8D463CD81C858061009F16E8 /* Build configuration list for PBXNativeTarget "swift3" */;
			buildPhases = (
				8D463CB51C858061009F16E8 /* Sources */,
				8D463CB61C858061009F16E8 /* Frameworks */,
				8D463CB71C858061009F16E8 /* Resources */,
			);
			buildRules = (
			);
			dependencies = (
			);
			name = swift3;
			productName = swift3;
			productReference = 8D463CB91C858061009F16E8 /* swift3.app */;
			productType = "com.apple.product-type.application";
		};
		8D463CCD1C858061009F16E8 /* swift3Tests */ = {
			isa = PBXNativeTarget;
			buildConfigurationList = 8D463CDB1C858061009F16E8 /* Build configuration list for PBXNativeTarget "swift3Tests" */;
			buildPhases = (
				8D463CCA1C858061009F16E8 /* Sources */,
				8D463CCB1C858061009F16E8 /* Frameworks */,
				8D463CCC1C858061009F16E8 /* Resources */,
			);
			buildRules = (
			);
			dependencies = (
				8D463CD01C858061009F16E8 /* PBXTargetDependency */,
			);
			name = swift3Tests;
			productName = swift3Tests;
			productReference = 8D463CCE1C858061009F16E8 /* swift3Tests.xctest */;
			productType = "com.apple.product-type.bundle.unit-test";
		};
/* End PBXNativeTarget section */

/* Begin PBXProject section */
		8D463CB11C858061009F16E8 /* Project object */ = {
			isa = PBXProject;
			attributes = {
				LastUpgradeCheck = 0630;
				ORGANIZATIONNAME = sky;
				TargetAttributes = {
					8D463CB81C858061009F16E8 = {
						CreatedOnToolsVersion = 6.3;
					};
					8D463CCD1C858061009F16E8 = {
						CreatedOnToolsVersion = 6.3;
						TestTargetID = 8D463CB81C858061009F16E8;
					};
				};
			};
			buildConfigurationList = 8D463CB41C858061009F16E8 /* Build configuration list for PBXProject "swift3" */;
			compatibilityVersion = "Xcode 3.2";
			developmentRegion = English;
			hasScannedForEncodings = 0;
			knownRegions = (
				en,
				Base,
			);
			mainGroup = 8D463CB01C858060009F16E8;
			productRefGroup = 8D463CBA1C858061009F16E8 /* Products */;
			projectDirPath = "";
			projectRoot = "";
			targets = (
				8D463CB81C858061009F16E8 /* swift3 */,
				8D463CCD1C858061009F16E8 /* swift3Tests */,
			);
		};
/* End PBXProject section */

/* Begin PBXResourcesBuildPhase section */
		8D463CB71C858061009F16E8 /* Resources */ = {
			isa = PBXResourcesBuildPhase;
			buildActionMask = 2147483647;
			files = (
				8D463CC41C858061009F16E8 /* Main.storyboard in Resources */,
				8D463CC91C858061009F16E8 /* LaunchScreen.xib in Resources */,
				8D463CC61C858061009F16E8 /* Images.xcassets in Resources */,
			);
			runOnlyForDeploymentPostprocessing = 0;
		};
		8D463CCC1C858061009F16E8 /* Resources */ = {
			isa = PBXResourcesBuildPhase;
			buildActionMask = 2147483647;
			files = (
			);
			runOnlyForDeploymentPostprocessing = 0;
		};
/* End PBXResourcesBuildPhase section */

/* Begin PBXSourcesBuildPhase section */
		8D463CB51C858061009F16E8 /* Sources */ = {
			isa = PBXSourcesBuildPhase;
			buildActionMask = 2147483647;
			files = (
				8D463CC11C858061009F16E8 /* ViewController.swift in Sources */,
				8D463CBF1C858061009F16E8 /* AppDelegate.swift in Sources */,
			);
			runOnlyForDeploymentPostprocessing = 0;
		};
		8D463CCA1C858061009F16E8 /* Sources */ = {
			isa = PBXSourcesBuildPhase;
			buildActionMask = 2147483647;
			files = (
				8D463CD51C858061009F16E8 /* swift3Tests.swift in Sources */,
			);
			runOnlyForDeploymentPostprocessing = 0;
		};
/* End PBXSourcesBuildPhase section */

/* Begin PBXTargetDependency section */
		8D463CD01C858061009F16E8 /* PBXTargetDependency */ = {
			isa = PBXTargetDependency;
			target = 8D463CB81C858061009F16E8 /* swift3 */;
			targetProxy = 8D463CCF1C858061009F16E8 /* PBXContainerItemProxy */;
		};
/* End PBXTargetDependency section */

/* Begin PBXVariantGroup section */
		8D463CC21C858061009F16E8 /* Main.storyboard */ = {
			isa = PBXVariantGroup;
			children = (
				8D463CC31C858061009F16E8 /* Base */,
			);
			name = Main.storyboard;
			sourceTree = "<group>";
		};
		8D463CC71C858061009F16E8 /* LaunchScreen.xib */ = {
			isa = PBXVariantGroup;
			children = (
				8D463CC81C858061009F16E8 /* Base */,
			);
			name = LaunchScreen.xib;
			sourceTree = "<group>";
		};
/* End PBXVariantGroup section */

/* Begin XCBuildConfiguration section */
		8D463CD61C858061009F16E8 /* Debug */ = {
			isa = XCBuildConfiguration;
			buildSettings = {
				ALWAYS_SEARCH_USER_PATHS = NO;
				CLANG_CXX_LANGUAGE_STANDARD = "gnu++0x";
				CLANG_CXX_LIBRARY = "libc++";
				CLANG_ENABLE_MODULES = YES;
				CLANG_ENABLE_OBJC_ARC = YES;
				CLANG_WARN_BOOL_CONVERSION = YES;
				CLANG_WARN_CONSTANT_CONVERSION = YES;
				CLANG_WARN_DIRECT_OBJC_ISA_USAGE = YES_ERROR;
				CLANG_WARN_EMPTY_BODY = YES;
				CLANG_WARN_ENUM_CONVERSION = YES;
				CLANG_WARN_INT_CONVERSION = YES;
				CLANG_WARN_OBJC_ROOT_CLASS = YES_ERROR;
				CLANG_WARN_UNREACHABLE_CODE = YES;
				CLANG_WARN__DUPLICATE_METHOD_MATCH = YES;
				"CODE_SIGN_IDENTITY[sdk=iphoneos*]" = "iPhone Developer";
				COPY_PHASE_STRIP = NO;
				DEBUG_INFORMATION_FORMAT = "dwarf-with-dsym";
				ENABLE_STRICT_OBJC_MSGSEND = YES;
				GCC_C_LANGUAGE_STANDARD = gnu99;
				GCC_DYNAMIC_NO_PIC = NO;
				GCC_NO_COMMON_BLOCKS = YES;
				GCC_OPTIMIZATION_LEVEL = 0;
				GCC_PREPROCESSOR_DEFINITIONS = (
					"DEBUG=1",
					"$(inherited)",
				);
				GCC_SYMBOLS_PRIVATE_EXTERN = NO;
				GCC_WARN_64_TO_32_BIT_CONVERSION = YES;
				GCC_WARN_ABOUT_RETURN_TYPE = YES_ERROR;
				GCC_WARN_UNDECLARED_SELECTOR = YES;
				GCC_WARN_UNINITIALIZED_AUTOS = YES_AGGRESSIVE;
				GCC_WARN_UNUSED_FUNCTION = YES;
				GCC_WARN_UNUSED_VARIABLE = YES;
				IPHONEOS_DEPLOYMENT_TARGET = 8.3;
				MTL_ENABLE_DEBUG_INFO = YES;
				ONLY_ACTIVE_ARCH = YES;
				SDKROOT = iphoneos;
				SWIFT_OPTIMIZATION_LEVEL = "-Onone";
			};
			name = Debug;
		};
		8D463CD71C858061009F16E8 /* Release */ = {
			isa = XCBuildConfiguration;
			buildSettings = {
				ALWAYS_SEARCH_USER_PATHS = NO;
				CLANG_CXX_LANGUAGE_STANDARD = "gnu++0x";
				CLANG_CXX_LIBRARY = "libc++";
				CLANG_ENABLE_MODULES = YES;
				CLANG_ENABLE_OBJC_ARC = YES;
				CLANG_WARN_BOOL_CONVERSION = YES;
				CLANG_WARN_CONSTANT_CONVERSION = YES;
				CLANG_WARN_DIRECT_OBJC_ISA_USAGE = YES_ERROR;
				CLANG_WARN_EMPTY_BODY = YES;
				CLANG_WARN_ENUM_CONVERSION = YES;
				CLANG_WARN_INT_CONVERSION = YES;
				CLANG_WARN_OBJC_ROOT_CLASS = YES_ERROR;
				CLANG_WARN_UNREACHABLE_CODE = YES;
				CLANG_WARN__DUPLICATE_METHOD_MATCH = YES;
				"CODE_SIGN_IDENTITY[sdk=iphoneos*]" = "iPhone Developer";
				COPY_PHASE_STRIP = NO;
				DEBUG_INFORMATION_FORMAT = "dwarf-with-dsym";
				ENABLE_NS_ASSERTIONS = NO;
				ENABLE_STRICT_OBJC_MSGSEND = YES;
				GCC_C_LANGUAGE_STANDARD = gnu99;
				GCC_NO_COMMON_BLOCKS = YES;
				GCC_WARN_64_TO_32_BIT_CONVERSION = YES;
				GCC_WARN_ABOUT_RETURN_TYPE = YES_ERROR;
				GCC_WARN_UNDECLARED_SELECTOR = YES;
				GCC_WARN_UNINITIALIZED_AUTOS = YES_AGGRESSIVE;
				GCC_WARN_UNUSED_FUNCTION = YES;
				GCC_WARN_UNUSED_VARIABLE = YES;
				IPHONEOS_DEPLOYMENT_TARGET = 8.3;
				MTL_ENABLE_DEBUG_INFO = NO;
				SDKROOT = iphoneos;
				VALIDATE_PRODUCT = YES;
			};
			name = Release;
		};
		8D463CD91C858061009F16E8 /* Debug */ = {
			isa = XCBuildConfiguration;
			buildSettings = {
				ASSETCATALOG_COMPILER_APPICON_NAME = AppIcon;
				INFOPLIST_FILE = swift3/Info.plist;
				LD_RUNPATH_SEARCH_PATHS = "$(inherited) @executable_path/Frameworks";
				PRODUCT_NAME = "$(TARGET_NAME)";
			};
			name = Debug;
		};
		8D463CDA1C858061009F16E8 /* Release */ = {
			isa = XCBuildConfiguration;
			buildSettings = {
				ASSETCATALOG_COMPILER_APPICON_NAME = AppIcon;
				INFOPLIST_FILE = swift3/Info.plist;
				LD_RUNPATH_SEARCH_PATHS = "$(inherited) @executable_path/Frameworks";
				PRODUCT_NAME = "$(TARGET_NAME)";
			};
			name = Release;
		};
		8D463CDC1C858061009F16E8 /* Debug */ = {
			isa = XCBuildConfiguration;
			buildSettings = {
				BUNDLE_LOADER = "$(TEST_HOST)";
				FRAMEWORK_SEARCH_PATHS = (
					"$(SDKROOT)/Developer/Library/Frameworks",
					"$(inherited)",
				);
				GCC_PREPROCESSOR_DEFINITIONS = (
					"DEBUG=1",
					"$(inherited)",
				);
				INFOPLIST_FILE = swift3Tests/Info.plist;
				LD_RUNPATH_SEARCH_PATHS = "$(inherited) @executable_path/Frameworks @loader_path/Frameworks";
				PRODUCT_NAME = "$(TARGET_NAME)";
				TEST_HOST = "$(BUILT_PRODUCTS_DIR)/swift3.app/swift3";
			};
			name = Debug;
		};
		8D463CDD1C858061009F16E8 /* Release */ = {
			isa = XCBuildConfiguration;
			buildSettings = {
				BUNDLE_LOADER = "$(TEST_HOST)";
				FRAMEWORK_SEARCH_PATHS = (
					"$(SDKROOT)/Developer/Library/Frameworks",
					"$(inherited)",
				);
				INFOPLIST_FILE = swift3Tests/Info.plist;
				LD_RUNPATH_SEARCH_PATHS = "$(inherited) @executable_path/Frameworks @loader_path/Frameworks";
				PRODUCT_NAME = "$(TARGET_NAME)";
				TEST_HOST = "$(BUILT_PRODUCTS_DIR)/swift3.app/swift3";
			};
			name = Release;
		};
/* End XCBuildConfiguration section */

/* Begin XCConfigurationList section */
		8D463CB41C858061009F16E8 /* Build configuration list for PBXProject "swift3" */ = {
			isa = XCConfigurationList;
			buildConfigurations = (
				8D463CD61C858061009F16E8 /* Debug */,
				8D463CD71C858061009F16E8 /* Release */,
			);
			defaultConfigurationIsVisible = 0;
			defaultConfigurationName = Release;
		};
		8D463CD81C858061009F16E8 /* Build configuration list for PBXNativeTarget "swift3" */ = {
			isa = XCConfigurationList;
			buildConfigurations = (
				8D463CD91C858061009F16E8 /* Debug */,
				8D463CDA1C858061009F16E8 /* Release */,
			);
			defaultConfigurationIsVisible = 0;
		};
		8D463CDB1C858061009F16E8 /* Build configuration list for PBXNativeTarget "swift3Tests" */ = {
			isa = XCConfigurationList;
			buildConfigurations = (
				8D463CDC1C858061009F16E8 /* Debug */,
				8D463CDD1C858061009F16E8 /* Release */,
			);
			defaultConfigurationIsVisible = 0;
		};
/* End XCConfigurationList section */
	};
	rootObject = 8D463CB11C858061009F16E8 /* Project object */;
}
