// !$*UTF8*$!
{
	archiveVersion = 1;
	classes = {
	};
	objectVersion = 46;
	objects = {

/* Begin PBXBuildFile section */
		8D29B1E91CEB0C57009BD243 /* MsgDetailViewController.swift in Sources */ = {isa = PBXBuildFile; fileRef = 8D29B1E81CEB0C56009BD243 /* MsgDetailViewController.swift */; };
		8D29B1EC1CEB0E61009BD243 /* MsgDetailCell.swift in Sources */ = {isa = PBXBuildFile; fileRef = 8D29B1EA1CEB0E61009BD243 /* MsgDetailCell.swift */; };
		8D29B1ED1CEB0E61009BD243 /* MsgDetailCell.xib in Resources */ = {isa = PBXBuildFile; fileRef = 8D29B1EB1CEB0E61009BD243 /* MsgDetailCell.xib */; };
		8D40177C1D17DA20000864C7 /* AnimationView.swift in Sources */ = {isa = PBXBuildFile; fileRef = 8D4017761D17DA20000864C7 /* AnimationView.swift */; };
		8D40177D1D17DA20000864C7 /* CircleLayer.swift in Sources */ = {isa = PBXBuildFile; fileRef = 8D4017781D17DA20000864C7 /* CircleLayer.swift */; };
		8D40177E1D17DA20000864C7 /* RectangleLayer.swift in Sources */ = {isa = PBXBuildFile; fileRef = 8D4017791D17DA20000864C7 /* RectangleLayer.swift */; };
		8D40177F1D17DA20000864C7 /* TriangleLayer.swift in Sources */ = {isa = PBXBuildFile; fileRef = 8D40177A1D17DA20000864C7 /* TriangleLayer.swift */; };
		8D4017801D17DA20000864C7 /* WaveLayer.swift in Sources */ = {isa = PBXBuildFile; fileRef = 8D40177B1D17DA20000864C7 /* WaveLayer.swift */; };
		8D4017821D17DAF1000864C7 /* Extension.swift in Sources */ = {isa = PBXBuildFile; fileRef = 8D4017811D17DAF1000864C7 /* Extension.swift */; };
		8D463CBF1C858061009F16E8 /* AppDelegate.swift in Sources */ = {isa = PBXBuildFile; fileRef = 8D463CBE1C858061009F16E8 /* AppDelegate.swift */; };
		8D463CC11C858061009F16E8 /* ViewController.swift in Sources */ = {isa = PBXBuildFile; fileRef = 8D463CC01C858061009F16E8 /* ViewController.swift */; };
		8D463CC41C858061009F16E8 /* Main.storyboard in Resources */ = {isa = PBXBuildFile; fileRef = 8D463CC21C858061009F16E8 /* Main.storyboard */; };
		8D463CC61C858061009F16E8 /* Images.xcassets in Resources */ = {isa = PBXBuildFile; fileRef = 8D463CC51C858061009F16E8 /* Images.xcassets */; };
		8D463CC91C858061009F16E8 /* LaunchScreen.xib in Resources */ = {isa = PBXBuildFile; fileRef = 8D463CC71C858061009F16E8 /* LaunchScreen.xib */; };
		8D463CD51C858061009F16E8 /* swift3Tests.swift in Sources */ = {isa = PBXBuildFile; fileRef = 8D463CD41C858061009F16E8 /* swift3Tests.swift */; };
		8D90351B1D00190B00D0369C /* CycleScrollView.swift in Sources */ = {isa = PBXBuildFile; fileRef = 8D90351A1D00190B00D0369C /* CycleScrollView.swift */; };
		8D90351D1D0022F300D0369C /* CustomCycleCell.swift in Sources */ = {isa = PBXBuildFile; fileRef = 8D90351C1D0022F300D0369C /* CustomCycleCell.swift */; };
		8DC927391D01867200CDED9C /* TitleViewController.swift in Sources */ = {isa = PBXBuildFile; fileRef = 8DC927381D01867200CDED9C /* TitleViewController.swift */; };
		8DCE50061CE5C9AD005C0493 /* BViewController.swift in Sources */ = {isa = PBXBuildFile; fileRef = 8DCE50021CE5C9AD005C0493 /* BViewController.swift */; };
		8DCE50071CE5C9AD005C0493 /* HomeViewController.swift in Sources */ = {isa = PBXBuildFile; fileRef = 8DCE50031CE5C9AD005C0493 /* HomeViewController.swift */; };
		8DCE50081CE5C9AD005C0493 /* MessageCenterViewController.swift in Sources */ = {isa = PBXBuildFile; fileRef = 8DCE50041CE5C9AD005C0493 /* MessageCenterViewController.swift */; };
		8DCE50091CE5C9AD005C0493 /* SquareViewController.swift in Sources */ = {isa = PBXBuildFile; fileRef = 8DCE50051CE5C9AD005C0493 /* SquareViewController.swift */; };
		8DD70F261CEEDF54004362E6 /* MsgHeadImgViewController.swift in Sources */ = {isa = PBXBuildFile; fileRef = 8DD70F251CEEDF54004362E6 /* MsgHeadImgViewController.swift */; };
		8DD70F291CEEF48A004362E6 /* TitleView.swift in Sources */ = {isa = PBXBuildFile; fileRef = 8DD70F281CEEF48A004362E6 /* TitleView.swift */; };
		8DD70F371CEF0756004362E6 /* CircleViewController.m in Sources */ = {isa = PBXBuildFile; fileRef = 8DD70F2C1CEF0756004362E6 /* CircleViewController.m */; };
		8DD70F381CEF0756004362E6 /* CircleWithTextViewController.m in Sources */ = {isa = PBXBuildFile; fileRef = 8DD70F2E1CEF0756004362E6 /* CircleWithTextViewController.m */; };
		8DD70F391CEF0756004362E6 /* LevelProgressViewController.m in Sources */ = {isa = PBXBuildFile; fileRef = 8DD70F301CEF0756004362E6 /* LevelProgressViewController.m */; };
		8DD70F3A1CEF0756004362E6 /* LevelWithTextViewController.m in Sources */ = {isa = PBXBuildFile; fileRef = 8DD70F321CEF0756004362E6 /* LevelWithTextViewController.m */; };
		8DD70F3B1CEF0756004362E6 /* SemiCircleViewController.m in Sources */ = {isa = PBXBuildFile; fileRef = 8DD70F341CEF0756004362E6 /* SemiCircleViewController.m */; };
		8DD70F3C1CEF0756004362E6 /* SemiCircleWithTextViewController.m in Sources */ = {isa = PBXBuildFile; fileRef = 8DD70F361CEF0756004362E6 /* SemiCircleWithTextViewController.m */; };
		8DD70F4D1CEF076B004362E6 /* CircleProgressView.m in Sources */ = {isa = PBXBuildFile; fileRef = 8DD70F401CEF076B004362E6 /* CircleProgressView.m */; };
		8DD70F4E1CEF076B004362E6 /* CircleWithTextProgressView.m in Sources */ = {isa = PBXBuildFile; fileRef = 8DD70F431CEF076B004362E6 /* CircleWithTextProgressView.m */; };
		8DD70F4F1CEF076B004362E6 /* LevelProgressView.m in Sources */ = {isa = PBXBuildFile; fileRef = 8DD70F461CEF076B004362E6 /* LevelProgressView.m */; };
		8DD70F501CEF076B004362E6 /* SemiCircleProgressView.m in Sources */ = {isa = PBXBuildFile; fileRef = 8DD70F491CEF076B004362E6 /* SemiCircleProgressView.m */; };
		8DD70F511CEF076B004362E6 /* SemiCircleWithTextProgressView.m in Sources */ = {isa = PBXBuildFile; fileRef = 8DD70F4C1CEF076B004362E6 /* SemiCircleWithTextProgressView.m */; };
		8DDEA1D61CF7EA3000C06CCC /* BannerView.swift in Sources */ = {isa = PBXBuildFile; fileRef = 8DDEA1D51CF7EA3000C06CCC /* BannerView.swift */; };
/* End PBXBuildFile section */

/* Begin PBXContainerItemProxy section */
		8D463CCF1C858061009F16E8 /* PBXContainerItemProxy */ = {
			isa = PBXContainerItemProxy;
			containerPortal = 8D463CB11C858061009F16E8 /* Project object */;
			proxyType = 1;
			remoteGlobalIDString = 8D463CB81C858061009F16E8;
			remoteInfo = swift3;
		};
/* End PBXContainerItemProxy section */

/* Begin PBXFileReference section */
		8D29B1E81CEB0C56009BD243 /* MsgDetailViewController.swift */ = {isa = PBXFileReference; fileEncoding = 4; lastKnownFileType = sourcecode.swift; path = MsgDetailViewController.swift; sourceTree = "<group>"; };
		8D29B1EA1CEB0E61009BD243 /* MsgDetailCell.swift */ = {isa = PBXFileReference; fileEncoding = 4; lastKnownFileType = sourcecode.swift; path = MsgDetailCell.swift; sourceTree = "<group>"; };
		8D29B1EB1CEB0E61009BD243 /* MsgDetailCell.xib */ = {isa = PBXFileReference; fileEncoding = 4; lastKnownFileType = file.xib; path = MsgDetailCell.xib; sourceTree = "<group>"; };
		8D4017761D17DA20000864C7 /* AnimationView.swift */ = {isa = PBXFileReference; fileEncoding = 4; lastKnownFileType = sourcecode.swift; path = AnimationView.swift; sourceTree = "<group>"; };
		8D4017781D17DA20000864C7 /* CircleLayer.swift */ = {isa = PBXFileReference; fileEncoding = 4; lastKnownFileType = sourcecode.swift; path = CircleLayer.swift; sourceTree = "<group>"; };
		8D4017791D17DA20000864C7 /* RectangleLayer.swift */ = {isa = PBXFileReference; fileEncoding = 4; lastKnownFileType = sourcecode.swift; path = RectangleLayer.swift; sourceTree = "<group>"; };
		8D40177A1D17DA20000864C7 /* TriangleLayer.swift */ = {isa = PBXFileReference; fileEncoding = 4; lastKnownFileType = sourcecode.swift; path = TriangleLayer.swift; sourceTree = "<group>"; };
		8D40177B1D17DA20000864C7 /* WaveLayer.swift */ = {isa = PBXFileReference; fileEncoding = 4; lastKnownFileType = sourcecode.swift; path = WaveLayer.swift; sourceTree = "<group>"; };
		8D4017811D17DAF1000864C7 /* Extension.swift */ = {isa = PBXFileReference; fileEncoding = 4; lastKnownFileType = sourcecode.swift; path = Extension.swift; sourceTree = "<group>"; };
		8D463CB91C858061009F16E8 /* swift3.app */ = {isa = PBXFileReference; explicitFileType = wrapper.application; includeInIndex = 0; path = swift3.app; sourceTree = BUILT_PRODUCTS_DIR; };
		8D463CBD1C858061009F16E8 /* Info.plist */ = {isa = PBXFileReference; lastKnownFileType = text.plist.xml; path = Info.plist; sourceTree = "<group>"; };
		8D463CBE1C858061009F16E8 /* AppDelegate.swift */ = {isa = PBXFileReference; lastKnownFileType = sourcecode.swift; path = AppDelegate.swift; sourceTree = "<group>"; };
		8D463CC01C858061009F16E8 /* ViewController.swift */ = {isa = PBXFileReference; lastKnownFileType = sourcecode.swift; name = ViewController.swift; path = ../../ViewController.swift; sourceTree = "<group>"; };
		8D463CC31C858061009F16E8 /* Base */ = {isa = PBXFileReference; lastKnownFileType = file.storyboard; name = Base; path = Base.lproj/Main.storyboard; sourceTree = "<group>"; };
		8D463CC51C858061009F16E8 /* Images.xcassets */ = {isa = PBXFileReference; lastKnownFileType = folder.assetcatalog; path = Images.xcassets; sourceTree = "<group>"; };
		8D463CC81C858061009F16E8 /* Base */ = {isa = PBXFileReference; lastKnownFileType = file.xib; name = Base; path = Base.lproj/LaunchScreen.xib; sourceTree = "<group>"; };
		8D463CCE1C858061009F16E8 /* swift3Tests.xctest */ = {isa = PBXFileReference; explicitFileType = wrapper.cfbundle; includeInIndex = 0; path = swift3Tests.xctest; sourceTree = BUILT_PRODUCTS_DIR; };
		8D463CD31C858061009F16E8 /* Info.plist */ = {isa = PBXFileReference; lastKnownFileType = text.plist.xml; path = Info.plist; sourceTree = "<group>"; };
		8D463CD41C858061009F16E8 /* swift3Tests.swift */ = {isa = PBXFileReference; lastKnownFileType = sourcecode.swift; path = swift3Tests.swift; sourceTree = "<group>"; };
		8D90351A1D00190B00D0369C /* CycleScrollView.swift */ = {isa = PBXFileReference; fileEncoding = 4; lastKnownFileType = sourcecode.swift; path = CycleScrollView.swift; sourceTree = "<group>"; };
		8D90351C1D0022F300D0369C /* CustomCycleCell.swift */ = {isa = PBXFileReference; fileEncoding = 4; lastKnownFileType = sourcecode.swift; path = CustomCycleCell.swift; sourceTree = "<group>"; };
		8DC927381D01867200CDED9C /* TitleViewController.swift */ = {isa = PBXFileReference; fileEncoding = 4; lastKnownFileType = sourcecode.swift; path = TitleViewController.swift; sourceTree = "<group>"; };
		8DCE50021CE5C9AD005C0493 /* BViewController.swift */ = {isa = PBXFileReference; fileEncoding = 4; lastKnownFileType = sourcecode.swift; path = BViewController.swift; sourceTree = "<group>"; };
		8DCE50031CE5C9AD005C0493 /* HomeViewController.swift */ = {isa = PBXFileReference; fileEncoding = 4; lastKnownFileType = sourcecode.swift; name = HomeViewController.swift; path = swift3/HomeViewController.swift; sourceTree = SOURCE_ROOT; };
		8DCE50041CE5C9AD005C0493 /* MessageCenterViewController.swift */ = {isa = PBXFileReference; fileEncoding = 4; lastKnownFileType = sourcecode.swift; name = MessageCenterViewController.swift; path = swift3/MessageCenterViewController.swift; sourceTree = SOURCE_ROOT; };
		8DCE50051CE5C9AD005C0493 /* SquareViewController.swift */ = {isa = PBXFileReference; fileEncoding = 4; lastKnownFileType = sourcecode.swift; name = SquareViewController.swift; path = swift3/SquareViewController.swift; sourceTree = SOURCE_ROOT; };
		8DD70F251CEEDF54004362E6 /* MsgHeadImgViewController.swift */ = {isa = PBXFileReference; fileEncoding = 4; lastKnownFileType = sourcecode.swift; path = MsgHeadImgViewController.swift; sourceTree = "<group>"; };
		8DD70F281CEEF48A004362E6 /* TitleView.swift */ = {isa = PBXFileReference; fileEncoding = 4; lastKnownFileType = sourcecode.swift; name = TitleView.swift; path = ../TitleView.swift; sourceTree = "<group>"; };
		8DD70F2B1CEF0756004362E6 /* CircleViewController.h */ = {isa = PBXFileReference; fileEncoding = 4; lastKnownFileType = sourcecode.c.h; path = CircleViewController.h; sourceTree = "<group>"; };
		8DD70F2C1CEF0756004362E6 /* CircleViewController.m */ = {isa = PBXFileReference; fileEncoding = 4; lastKnownFileType = sourcecode.c.objc; path = CircleViewController.m; sourceTree = "<group>"; };
		8DD70F2D1CEF0756004362E6 /* CircleWithTextViewController.h */ = {isa = PBXFileReference; fileEncoding = 4; lastKnownFileType = sourcecode.c.h; path = CircleWithTextViewController.h; sourceTree = "<group>"; };
		8DD70F2E1CEF0756004362E6 /* CircleWithTextViewController.m */ = {isa = PBXFileReference; fileEncoding = 4; lastKnownFileType = sourcecode.c.objc; path = CircleWithTextViewController.m; sourceTree = "<group>"; };
		8DD70F2F1CEF0756004362E6 /* LevelProgressViewController.h */ = {isa = PBXFileReference; fileEncoding = 4; lastKnownFileType = sourcecode.c.h; path = LevelProgressViewController.h; sourceTree = "<group>"; };
		8DD70F301CEF0756004362E6 /* LevelProgressViewController.m */ = {isa = PBXFileReference; fileEncoding = 4; lastKnownFileType = sourcecode.c.objc; path = LevelProgressViewController.m; sourceTree = "<group>"; };
		8DD70F311CEF0756004362E6 /* LevelWithTextViewController.h */ = {isa = PBXFileReference; fileEncoding = 4; lastKnownFileType = sourcecode.c.h; path = LevelWithTextViewController.h; sourceTree = "<group>"; };
		8DD70F321CEF0756004362E6 /* LevelWithTextViewController.m */ = {isa = PBXFileReference; fileEncoding = 4; lastKnownFileType = sourcecode.c.objc; path = LevelWithTextViewController.m; sourceTree = "<group>"; };
		8DD70F331CEF0756004362E6 /* SemiCircleViewController.h */ = {isa = PBXFileReference; fileEncoding = 4; lastKnownFileType = sourcecode.c.h; path = SemiCircleViewController.h; sourceTree = "<group>"; };
		8DD70F341CEF0756004362E6 /* SemiCircleViewController.m */ = {isa = PBXFileReference; fileEncoding = 4; lastKnownFileType = sourcecode.c.objc; path = SemiCircleViewController.m; sourceTree = "<group>"; };
		8DD70F351CEF0756004362E6 /* SemiCircleWithTextViewController.h */ = {isa = PBXFileReference; fileEncoding = 4; lastKnownFileType = sourcecode.c.h; path = SemiCircleWithTextViewController.h; sourceTree = "<group>"; };
		8DD70F361CEF0756004362E6 /* SemiCircleWithTextViewController.m */ = {isa = PBXFileReference; fileEncoding = 4; lastKnownFileType = sourcecode.c.objc; path = SemiCircleWithTextViewController.m; sourceTree = "<group>"; };
		8DD70F3F1CEF076B004362E6 /* CircleProgressView.h */ = {isa = PBXFileReference; fileEncoding = 4; lastKnownFileType = sourcecode.c.h; path = CircleProgressView.h; sourceTree = "<group>"; };
		8DD70F401CEF076B004362E6 /* CircleProgressView.m */ = {isa = PBXFileReference; fileEncoding = 4; lastKnownFileType = sourcecode.c.objc; path = CircleProgressView.m; sourceTree = "<group>"; };
		8DD70F421CEF076B004362E6 /* CircleWithTextProgressView.h */ = {isa = PBXFileReference; fileEncoding = 4; lastKnownFileType = sourcecode.c.h; path = CircleWithTextProgressView.h; sourceTree = "<group>"; };
		8DD70F431CEF076B004362E6 /* CircleWithTextProgressView.m */ = {isa = PBXFileReference; fileEncoding = 4; lastKnownFileType = sourcecode.c.objc; path = CircleWithTextProgressView.m; sourceTree = "<group>"; };
		8DD70F451CEF076B004362E6 /* LevelProgressView.h */ = {isa = PBXFileReference; fileEncoding = 4; lastKnownFileType = sourcecode.c.h; path = LevelProgressView.h; sourceTree = "<group>"; };
		8DD70F461CEF076B004362E6 /* LevelProgressView.m */ = {isa = PBXFileReference; fileEncoding = 4; lastKnownFileType = sourcecode.c.objc; path = LevelProgressView.m; sourceTree = "<group>"; };
		8DD70F481CEF076B004362E6 /* SemiCircleProgressView.h */ = {isa = PBXFileReference; fileEncoding = 4; lastKnownFileType = sourcecode.c.h; path = SemiCircleProgressView.h; sourceTree = "<group>"; };
		8DD70F491CEF076B004362E6 /* SemiCircleProgressView.m */ = {isa = PBXFileReference; fileEncoding = 4; lastKnownFileType = sourcecode.c.objc; path = SemiCircleProgressView.m; sourceTree = "<group>"; };
		8DD70F4B1CEF076B004362E6 /* SemiCircleWithTextProgressView.h */ = {isa = PBXFileReference; fileEncoding = 4; lastKnownFileType = sourcecode.c.h; path = SemiCircleWithTextProgressView.h; sourceTree = "<group>"; };
		8DD70F4C1CEF076B004362E6 /* SemiCircleWithTextProgressView.m */ = {isa = PBXFileReference; fileEncoding = 4; lastKnownFileType = sourcecode.c.objc; path = SemiCircleWithTextProgressView.m; sourceTree = "<group>"; };
		8DD70F531CEF0C6A004362E6 /* PrefixHeader.pch */ = {isa = PBXFileReference; fileEncoding = 4; lastKnownFileType = sourcecode.c.h; path = PrefixHeader.pch; sourceTree = "<group>"; };
		8DD70F541CEF0D88004362E6 /* swift3Tests-Bridging-Header.h */ = {isa = PBXFileReference; fileEncoding = 4; lastKnownFileType = sourcecode.c.h; path = "swift3Tests-Bridging-Header.h"; sourceTree = "<group>"; };
		8DD70F551CEF0DA9004362E6 /* swift3Tests-Bridging-Header.h */ = {isa = PBXFileReference; fileEncoding = 4; lastKnownFileType = sourcecode.c.h; path = "swift3Tests-Bridging-Header.h"; sourceTree = "<group>"; };
		8DDEA1D51CF7EA3000C06CCC /* BannerView.swift */ = {isa = PBXFileReference; fileEncoding = 4; lastKnownFileType = sourcecode.swift; path = BannerView.swift; sourceTree = "<group>"; };
/* End PBXFileReference section */

/* Begin PBXFrameworksBuildPhase section */
		8D463CB61C858061009F16E8 /* Frameworks */ = {
			isa = PBXFrameworksBuildPhase;
			buildActionMask = 2147483647;
			files = (
			);
			runOnlyForDeploymentPostprocessing = 0;
		};
		8D463CCB1C858061009F16E8 /* Frameworks */ = {
			isa = PBXFrameworksBuildPhase;
			buildActionMask = 2147483647;
			files = (
			);
			runOnlyForDeploymentPostprocessing = 0;
		};
/* End PBXFrameworksBuildPhase section */

/* Begin PBXGroup section */
		8D29B1E71CEB0C18009BD243 /* Message */ = {
			isa = PBXGroup;
			children = (
				8DCE50041CE5C9AD005C0493 /* MessageCenterViewController.swift */,
				8D29B1E81CEB0C56009BD243 /* MsgDetailViewController.swift */,
				8DD70F251CEEDF54004362E6 /* MsgHeadImgViewController.swift */,
				8D29B1EA1CEB0E61009BD243 /* MsgDetailCell.swift */,
				8D29B1EB1CEB0E61009BD243 /* MsgDetailCell.xib */,
			);
			path = Message;
			sourceTree = "<group>";
		};
		8D4017751D17DA20000864C7 /* HWView */ = {
			isa = PBXGroup;
			children = (
				8D463CC01C858061009F16E8 /* ViewController.swift */,
				8D4017761D17DA20000864C7 /* AnimationView.swift */,
				8D4017811D17DAF1000864C7 /* Extension.swift */,
				8D4017771D17DA20000864C7 /* Layer */,
			);
			path = HWView;
			sourceTree = "<group>";
		};
		8D4017771D17DA20000864C7 /* Layer */ = {
			isa = PBXGroup;
			children = (
				8D4017781D17DA20000864C7 /* CircleLayer.swift */,
				8D4017791D17DA20000864C7 /* RectangleLayer.swift */,
				8D40177A1D17DA20000864C7 /* TriangleLayer.swift */,
				8D40177B1D17DA20000864C7 /* WaveLayer.swift */,
			);
			path = Layer;
			sourceTree = "<group>";
		};
		8D463CB01C858060009F16E8 = {
			isa = PBXGroup;
			children = (
				8D463CBB1C858061009F16E8 /* swift3 */,
				8D463CD11C858061009F16E8 /* swift3Tests */,
				8D463CBA1C858061009F16E8 /* Products */,
			);
			sourceTree = "<group>";
		};
		8D463CBA1C858061009F16E8 /* Products */ = {
			isa = PBXGroup;
			children = (
				8D463CB91C858061009F16E8 /* swift3.app */,
				8D463CCE1C858061009F16E8 /* swift3Tests.xctest */,
			);
			name = Products;
			sourceTree = "<group>";
		};
		8D463CBB1C858061009F16E8 /* swift3 */ = {
			isa = PBXGroup;
			children = (
				8DD70F3D1CEF076B004362E6 /* SHProgressView */,
				8DD70F2A1CEF0756004362E6 /* Controllers */,
				8D463CBE1C858061009F16E8 /* AppDelegate.swift */,
				8DCE50021CE5C9AD005C0493 /* BViewController.swift */,
				8DCE500A1CE5D142005C0493 /* Home */,
				8DD70F271CEEF306004362E6 /* Square */,
				8D29B1E71CEB0C18009BD243 /* Message */,
				8D463CC21C858061009F16E8 /* Main.storyboard */,
				8D463CC51C858061009F16E8 /* Images.xcassets */,
				8D463CC71C858061009F16E8 /* LaunchScreen.xib */,
				8D463CBC1C858061009F16E8 /* Supporting Files */,
			);
			path = swift3;
			sourceTree = "<group>";
		};
		8D463CBC1C858061009F16E8 /* Supporting Files */ = {
			isa = PBXGroup;
			children = (
				8DD70F551CEF0DA9004362E6 /* swift3Tests-Bridging-Header.h */,
				8D463CBD1C858061009F16E8 /* Info.plist */,
				8DD70F531CEF0C6A004362E6 /* PrefixHeader.pch */,
			);
			name = "Supporting Files";
			sourceTree = "<group>";
		};
		8D463CD11C858061009F16E8 /* swift3Tests */ = {
			isa = PBXGroup;
			children = (
				8DD70F541CEF0D88004362E6 /* swift3Tests-Bridging-Header.h */,
				8D463CD41C858061009F16E8 /* swift3Tests.swift */,
				8D463CD21C858061009F16E8 /* Supporting Files */,
			);
			path = swift3Tests;
			sourceTree = "<group>";
		};
		8D463CD21C858061009F16E8 /* Supporting Files */ = {
			isa = PBXGroup;
			children = (
				8D463CD31C858061009F16E8 /* Info.plist */,
			);
			name = "Supporting Files";
			sourceTree = "<group>";
		};
		8DC927371D01864600CDED9C /* pageViewController */ = {
			isa = PBXGroup;
			children = (
				8DD70F281CEEF48A004362E6 /* TitleView.swift */,
				8DC927381D01867200CDED9C /* TitleViewController.swift */,
			);
			path = pageViewController;
			sourceTree = "<group>";
		};
		8DCE500A1CE5D142005C0493 /* Home */ = {
			isa = PBXGroup;
			children = (
				8D4017751D17DA20000864C7 /* HWView */,
				8DCE50031CE5C9AD005C0493 /* HomeViewController.swift */,
			);
			path = Home;
			sourceTree = "<group>";
		};
		8DD70F271CEEF306004362E6 /* Square */ = {
			isa = PBXGroup;
			children = (
				8DC927371D01864600CDED9C /* pageViewController */,
				8DCE50051CE5C9AD005C0493 /* SquareViewController.swift */,
				8DDEA1D51CF7EA3000C06CCC /* BannerView.swift */,
				8D90351A1D00190B00D0369C /* CycleScrollView.swift */,
				8D90351C1D0022F300D0369C /* CustomCycleCell.swift */,
			);
			path = Square;
			sourceTree = "<group>";
		};
		8DD70F2A1CEF0756004362E6 /* Controllers */ = {
			isa = PBXGroup;
			children = (
				8DD70F2B1CEF0756004362E6 /* CircleViewController.h */,
				8DD70F2C1CEF0756004362E6 /* CircleViewController.m */,
				8DD70F2D1CEF0756004362E6 /* CircleWithTextViewController.h */,
				8DD70F2E1CEF0756004362E6 /* CircleWithTextViewController.m */,
				8DD70F2F1CEF0756004362E6 /* LevelProgressViewController.h */,
				8DD70F301CEF0756004362E6 /* LevelProgressViewController.m */,
				8DD70F311CEF0756004362E6 /* LevelWithTextViewController.h */,
				8DD70F321CEF0756004362E6 /* LevelWithTextViewController.m */,
				8DD70F331CEF0756004362E6 /* SemiCircleViewController.h */,
				8DD70F341CEF0756004362E6 /* SemiCircleViewController.m */,
				8DD70F351CEF0756004362E6 /* SemiCircleWithTextViewController.h */,
				8DD70F361CEF0756004362E6 /* SemiCircleWithTextViewController.m */,
			);
			path = Controllers;
			sourceTree = "<group>";
		};
		8DD70F3D1CEF076B004362E6 /* SHProgressView */ = {
			isa = PBXGroup;
			children = (
				8DD70F3E1CEF076B004362E6 /* CircleProgressView */,
				8DD70F411CEF076B004362E6 /* CircleWithTextProgressView */,
				8DD70F441CEF076B004362E6 /* LevelProgressView */,
				8DD70F471CEF076B004362E6 /* SemiCircleProgressView */,
				8DD70F4A1CEF076B004362E6 /* SemiCircleWithTextProgressView */,
			);
			path = SHProgressView;
			sourceTree = "<group>";
		};
		8DD70F3E1CEF076B004362E6 /* CircleProgressView */ = {
			isa = PBXGroup;
			children = (
				8DD70F3F1CEF076B004362E6 /* CircleProgressView.h */,
				8DD70F401CEF076B004362E6 /* CircleProgressView.m */,
			);
			path = CircleProgressView;
			sourceTree = "<group>";
		};
		8DD70F411CEF076B004362E6 /* CircleWithTextProgressView */ = {
			isa = PBXGroup;
			children = (
				8DD70F421CEF076B004362E6 /* CircleWithTextProgressView.h */,
				8DD70F431CEF076B004362E6 /* CircleWithTextProgressView.m */,
			);
			path = CircleWithTextProgressView;
			sourceTree = "<group>";
		};
		8DD70F441CEF076B004362E6 /* LevelProgressView */ = {
			isa = PBXGroup;
			children = (
				8DD70F451CEF076B004362E6 /* LevelProgressView.h */,
				8DD70F461CEF076B004362E6 /* LevelProgressView.m */,
			);
			path = LevelProgressView;
			sourceTree = "<group>";
		};
		8DD70F471CEF076B004362E6 /* SemiCircleProgressView */ = {
			isa = PBXGroup;
			children = (
				8DD70F481CEF076B004362E6 /* SemiCircleProgressView.h */,
				8DD70F491CEF076B004362E6 /* SemiCircleProgressView.m */,
			);
			path = SemiCircleProgressView;
			sourceTree = "<group>";
		};
		8DD70F4A1CEF076B004362E6 /* SemiCircleWithTextProgressView */ = {
			isa = PBXGroup;
			children = (
				8DD70F4B1CEF076B004362E6 /* SemiCircleWithTextProgressView.h */,
				8DD70F4C1CEF076B004362E6 /* SemiCircleWithTextProgressView.m */,
			);
			path = SemiCircleWithTextProgressView;
			sourceTree = "<group>";
		};
/* End PBXGroup section */

/* Begin PBXNativeTarget section */
		8D463CB81C858061009F16E8 /* swift3 */ = {
			isa = PBXNativeTarget;
			buildConfigurationList = 8D463CD81C858061009F16E8 /* Build configuration list for PBXNativeTarget "swift3" */;
			buildPhases = (
				8D463CB51C858061009F16E8 /* Sources */,
				8D463CB61C858061009F16E8 /* Frameworks */,
				8D463CB71C858061009F16E8 /* Resources */,
			);
			buildRules = (
			);
			dependencies = (
			);
			name = swift3;
			productName = swift3;
			productReference = 8D463CB91C858061009F16E8 /* swift3.app */;
			productType = "com.apple.product-type.application";
		};
		8D463CCD1C858061009F16E8 /* swift3Tests */ = {
			isa = PBXNativeTarget;
			buildConfigurationList = 8D463CDB1C858061009F16E8 /* Build configuration list for PBXNativeTarget "swift3Tests" */;
			buildPhases = (
				8D463CCA1C858061009F16E8 /* Sources */,
				8D463CCB1C858061009F16E8 /* Frameworks */,
				8D463CCC1C858061009F16E8 /* Resources */,
			);
			buildRules = (
			);
			dependencies = (
				8D463CD01C858061009F16E8 /* PBXTargetDependency */,
			);
			name = swift3Tests;
			productName = swift3Tests;
			productReference = 8D463CCE1C858061009F16E8 /* swift3Tests.xctest */;
			productType = "com.apple.product-type.bundle.unit-test";
		};
/* End PBXNativeTarget section */

/* Begin PBXProject section */
		8D463CB11C858061009F16E8 /* Project object */ = {
			isa = PBXProject;
			attributes = {
				LastSwiftMigration = 0730;
				LastSwiftUpdateCheck = 0730;
				LastUpgradeCheck = 0630;
				ORGANIZATIONNAME = sky;
				TargetAttributes = {
					8D463CB81C858061009F16E8 = {
						CreatedOnToolsVersion = 6.3;
					};
					8D463CCD1C858061009F16E8 = {
						CreatedOnToolsVersion = 6.3;
						TestTargetID = 8D463CB81C858061009F16E8;
					};
				};
			};
			buildConfigurationList = 8D463CB41C858061009F16E8 /* Build configuration list for PBXProject "swift3" */;
			compatibilityVersion = "Xcode 3.2";
			developmentRegion = English;
			hasScannedForEncodings = 0;
			knownRegions = (
				en,
				Base,
			);
			mainGroup = 8D463CB01C858060009F16E8;
			productRefGroup = 8D463CBA1C858061009F16E8 /* Products */;
			projectDirPath = "";
			projectRoot = "";
			targets = (
				8D463CB81C858061009F16E8 /* swift3 */,
				8D463CCD1C858061009F16E8 /* swift3Tests */,
			);
		};
/* End PBXProject section */

/* Begin PBXResourcesBuildPhase section */
		8D463CB71C858061009F16E8 /* Resources */ = {
			isa = PBXResourcesBuildPhase;
			buildActionMask = 2147483647;
			files = (
				8D29B1ED1CEB0E61009BD243 /* MsgDetailCell.xib in Resources */,
				8D463CC41C858061009F16E8 /* Main.storyboard in Resources */,
				8D463CC91C858061009F16E8 /* LaunchScreen.xib in Resources */,
				8D463CC61C858061009F16E8 /* Images.xcassets in Resources */,
			);
			runOnlyForDeploymentPostprocessing = 0;
		};
		8D463CCC1C858061009F16E8 /* Resources */ = {
			isa = PBXResourcesBuildPhase;
			buildActionMask = 2147483647;
			files = (
			);
			runOnlyForDeploymentPostprocessing = 0;
		};
/* End PBXResourcesBuildPhase section */

/* Begin PBXSourcesBuildPhase section */
		8D463CB51C858061009F16E8 /* Sources */ = {
			isa = PBXSourcesBuildPhase;
			buildActionMask = 2147483647;
			files = (
				8DD70F3A1CEF0756004362E6 /* LevelWithTextViewController.m in Sources */,
				8DD70F291CEEF48A004362E6 /* TitleView.swift in Sources */,
				8D90351B1D00190B00D0369C /* CycleScrollView.swift in Sources */,
				8D463CC11C858061009F16E8 /* ViewController.swift in Sources */,
				8DD70F381CEF0756004362E6 /* CircleWithTextViewController.m in Sources */,
				8DD70F3B1CEF0756004362E6 /* SemiCircleViewController.m in Sources */,
				8DD70F4D1CEF076B004362E6 /* CircleProgressView.m in Sources */,
				8D4017821D17DAF1000864C7 /* Extension.swift in Sources */,
				8D29B1E91CEB0C57009BD243 /* MsgDetailViewController.swift in Sources */,
				8DCE50061CE5C9AD005C0493 /* BViewController.swift in Sources */,
				8D40177E1D17DA20000864C7 /* RectangleLayer.swift in Sources */,
				8D4017801D17DA20000864C7 /* WaveLayer.swift in Sources */,
				8D463CBF1C858061009F16E8 /* AppDelegate.swift in Sources */,
				8DD70F4F1CEF076B004362E6 /* LevelProgressView.m in Sources */,
				8D40177F1D17DA20000864C7 /* TriangleLayer.swift in Sources */,
				8DCE50071CE5C9AD005C0493 /* HomeViewController.swift in Sources */,
				8DD70F3C1CEF0756004362E6 /* SemiCircleWithTextViewController.m in Sources */,
				8DDEA1D61CF7EA3000C06CCC /* BannerView.swift in Sources */,
				8D29B1EC1CEB0E61009BD243 /* MsgDetailCell.swift in Sources */,
				8DD70F511CEF076B004362E6 /* SemiCircleWithTextProgressView.m in Sources */,
				8DCE50081CE5C9AD005C0493 /* MessageCenterViewController.swift in Sources */,
				8D40177C1D17DA20000864C7 /* AnimationView.swift in Sources */,
				8D90351D1D0022F300D0369C /* CustomCycleCell.swift in Sources */,
				8DD70F501CEF076B004362E6 /* SemiCircleProgressView.m in Sources */,
				8DD70F391CEF0756004362E6 /* LevelProgressViewController.m in Sources */,
				8DD70F261CEEDF54004362E6 /* MsgHeadImgViewController.swift in Sources */,
				8D40177D1D17DA20000864C7 /* CircleLayer.swift in Sources */,
				8DD70F4E1CEF076B004362E6 /* CircleWithTextProgressView.m in Sources */,
				8DD70F371CEF0756004362E6 /* CircleViewController.m in Sources */,
				8DCE50091CE5C9AD005C0493 /* SquareViewController.swift in Sources */,
				8DC927391D01867200CDED9C /* TitleViewController.swift in Sources */,
			);
			runOnlyForDeploymentPostprocessing = 0;
		};
		8D463CCA1C858061009F16E8 /* Sources */ = {
			isa = PBXSourcesBuildPhase;
			buildActionMask = 2147483647;
			files = (
				8D463CD51C858061009F16E8 /* swift3Tests.swift in Sources */,
			);
			runOnlyForDeploymentPostprocessing = 0;
		};
/* End PBXSourcesBuildPhase section */

/* Begin PBXTargetDependency section */
		8D463CD01C858061009F16E8 /* PBXTargetDependency */ = {
			isa = PBXTargetDependency;
			target = 8D463CB81C858061009F16E8 /* swift3 */;
			targetProxy = 8D463CCF1C858061009F16E8 /* PBXContainerItemProxy */;
		};
/* End PBXTargetDependency section */

/* Begin PBXVariantGroup section */
		8D463CC21C858061009F16E8 /* Main.storyboard */ = {
			isa = PBXVariantGroup;
			children = (
				8D463CC31C858061009F16E8 /* Base */,
			);
			name = Main.storyboard;
			sourceTree = "<group>";
		};
		8D463CC71C858061009F16E8 /* LaunchScreen.xib */ = {
			isa = PBXVariantGroup;
			children = (
				8D463CC81C858061009F16E8 /* Base */,
			);
			name = LaunchScreen.xib;
			sourceTree = "<group>";
		};
/* End PBXVariantGroup section */

/* Begin XCBuildConfiguration section */
		8D463CD61C858061009F16E8 /* Debug */ = {
			isa = XCBuildConfiguration;
			buildSettings = {
				ALWAYS_SEARCH_USER_PATHS = NO;
				CLANG_CXX_LANGUAGE_STANDARD = "gnu++0x";
				CLANG_CXX_LIBRARY = "libc++";
				CLANG_ENABLE_MODULES = YES;
				CLANG_ENABLE_OBJC_ARC = YES;
				CLANG_WARN_BOOL_CONVERSION = YES;
				CLANG_WARN_CONSTANT_CONVERSION = YES;
				CLANG_WARN_DIRECT_OBJC_ISA_USAGE = YES_ERROR;
				CLANG_WARN_EMPTY_BODY = YES;
				CLANG_WARN_ENUM_CONVERSION = YES;
				CLANG_WARN_INT_CONVERSION = YES;
				CLANG_WARN_OBJC_ROOT_CLASS = YES_ERROR;
				CLANG_WARN_UNREACHABLE_CODE = YES;
				CLANG_WARN__DUPLICATE_METHOD_MATCH = YES;
				"CODE_SIGN_IDENTITY[sdk=iphoneos*]" = "iPhone Developer";
				COPY_PHASE_STRIP = NO;
				DEBUG_INFORMATION_FORMAT = "dwarf-with-dsym";
				ENABLE_STRICT_OBJC_MSGSEND = YES;
				GCC_C_LANGUAGE_STANDARD = gnu99;
				GCC_DYNAMIC_NO_PIC = NO;
				GCC_NO_COMMON_BLOCKS = YES;
				GCC_OPTIMIZATION_LEVEL = 0;
				GCC_PREPROCESSOR_DEFINITIONS = (
					"DEBUG=1",
					"$(inherited)",
				);
				GCC_SYMBOLS_PRIVATE_EXTERN = NO;
				GCC_WARN_64_TO_32_BIT_CONVERSION = YES;
				GCC_WARN_ABOUT_RETURN_TYPE = YES_ERROR;
				GCC_WARN_UNDECLARED_SELECTOR = YES;
				GCC_WARN_UNINITIALIZED_AUTOS = YES_AGGRESSIVE;
				GCC_WARN_UNUSED_FUNCTION = YES;
				GCC_WARN_UNUSED_VARIABLE = YES;
				IPHONEOS_DEPLOYMENT_TARGET = 8.3;
				MTL_ENABLE_DEBUG_INFO = YES;
				ONLY_ACTIVE_ARCH = YES;
				SDKROOT = iphoneos;
				SWIFT_OPTIMIZATION_LEVEL = "-Onone";
			};
			name = Debug;
		};
		8D463CD71C858061009F16E8 /* Release */ = {
			isa = XCBuildConfiguration;
			buildSettings = {
				ALWAYS_SEARCH_USER_PATHS = NO;
				CLANG_CXX_LANGUAGE_STANDARD = "gnu++0x";
				CLANG_CXX_LIBRARY = "libc++";
				CLANG_ENABLE_MODULES = YES;
				CLANG_ENABLE_OBJC_ARC = YES;
				CLANG_WARN_BOOL_CONVERSION = YES;
				CLANG_WARN_CONSTANT_CONVERSION = YES;
				CLANG_WARN_DIRECT_OBJC_ISA_USAGE = YES_ERROR;
				CLANG_WARN_EMPTY_BODY = YES;
				CLANG_WARN_ENUM_CONVERSION = YES;
				CLANG_WARN_INT_CONVERSION = YES;
				CLANG_WARN_OBJC_ROOT_CLASS = YES_ERROR;
				CLANG_WARN_UNREACHABLE_CODE = YES;
				CLANG_WARN__DUPLICATE_METHOD_MATCH = YES;
				"CODE_SIGN_IDENTITY[sdk=iphoneos*]" = "iPhone Developer";
				COPY_PHASE_STRIP = NO;
				DEBUG_INFORMATION_FORMAT = "dwarf-with-dsym";
				ENABLE_NS_ASSERTIONS = NO;
				ENABLE_STRICT_OBJC_MSGSEND = YES;
				GCC_C_LANGUAGE_STANDARD = gnu99;
				GCC_NO_COMMON_BLOCKS = YES;
				GCC_WARN_64_TO_32_BIT_CONVERSION = YES;
				GCC_WARN_ABOUT_RETURN_TYPE = YES_ERROR;
				GCC_WARN_UNDECLARED_SELECTOR = YES;
				GCC_WARN_UNINITIALIZED_AUTOS = YES_AGGRESSIVE;
				GCC_WARN_UNUSED_FUNCTION = YES;
				GCC_WARN_UNUSED_VARIABLE = YES;
				IPHONEOS_DEPLOYMENT_TARGET = 8.3;
				MTL_ENABLE_DEBUG_INFO = NO;
				SDKROOT = iphoneos;
				VALIDATE_PRODUCT = YES;
			};
			name = Release;
		};
		8D463CD91C858061009F16E8 /* Debug */ = {
			isa = XCBuildConfiguration;
			buildSettings = {
				ASSETCATALOG_COMPILER_APPICON_NAME = AppIcon;
				GCC_PRECOMPILE_PREFIX_HEADER = NO;
				GCC_PREFIX_HEADER = "";
				INFOPLIST_FILE = swift3/Info.plist;
				LD_RUNPATH_SEARCH_PATHS = "$(inherited) @executable_path/Frameworks";
				PRODUCT_NAME = "$(TARGET_NAME)";
				SWIFT_OBJC_BRIDGING_HEADER = "swift3/swift3Tests-Bridging-Header.h";
			};
			name = Debug;
		};
		8D463CDA1C858061009F16E8 /* Release */ = {
			isa = XCBuildConfiguration;
			buildSettings = {
				ASSETCATALOG_COMPILER_APPICON_NAME = AppIcon;
				GCC_PRECOMPILE_PREFIX_HEADER = NO;
				GCC_PREFIX_HEADER = "";
				INFOPLIST_FILE = swift3/Info.plist;
				LD_RUNPATH_SEARCH_PATHS = "$(inherited) @executable_path/Frameworks";
				PRODUCT_NAME = "$(TARGET_NAME)";
				SWIFT_OBJC_BRIDGING_HEADER = "swift3/swift3Tests-Bridging-Header.h";
			};
			name = Release;
		};
		8D463CDC1C858061009F16E8 /* Debug */ = {
			isa = XCBuildConfiguration;
			buildSettings = {
				BUNDLE_LOADER = "$(TEST_HOST)";
				CLANG_ENABLE_MODULES = YES;
				FRAMEWORK_SEARCH_PATHS = (
					"$(SDKROOT)/Developer/Library/Frameworks",
					"$(inherited)",
				);
				GCC_PREPROCESSOR_DEFINITIONS = (
					"DEBUG=1",
					"$(inherited)",
				);
				INFOPLIST_FILE = swift3Tests/Info.plist;
				LD_RUNPATH_SEARCH_PATHS = "$(inherited) @executable_path/Frameworks @loader_path/Frameworks";
				PRODUCT_NAME = "$(TARGET_NAME)";
				SWIFT_OBJC_BRIDGING_HEADER = "swift3Tests/swift3Tests-Bridging-Header.h";
				SWIFT_OPTIMIZATION_LEVEL = "-Onone";
				TEST_HOST = "$(BUILT_PRODUCTS_DIR)/swift3.app/swift3";
			};
			name = Debug;
		};
		8D463CDD1C858061009F16E8 /* Release */ = {
			isa = XCBuildConfiguration;
			buildSettings = {
				BUNDLE_LOADER = "$(TEST_HOST)";
				CLANG_ENABLE_MODULES = YES;
				FRAMEWORK_SEARCH_PATHS = (
					"$(SDKROOT)/Developer/Library/Frameworks",
					"$(inherited)",
				);
				INFOPLIST_FILE = swift3Tests/Info.plist;
				LD_RUNPATH_SEARCH_PATHS = "$(inherited) @executable_path/Frameworks @loader_path/Frameworks";
				PRODUCT_NAME = "$(TARGET_NAME)";
				SWIFT_OBJC_BRIDGING_HEADER = "swift3Tests/swift3Tests-Bridging-Header.h";
				TEST_HOST = "$(BUILT_PRODUCTS_DIR)/swift3.app/swift3";
			};
			name = Release;
		};
/* End XCBuildConfiguration section */

/* Begin XCConfigurationList section */
		8D463CB41C858061009F16E8 /* Build configuration list for PBXProject "swift3" */ = {
			isa = XCConfigurationList;
			buildConfigurations = (
				8D463CD61C858061009F16E8 /* Debug */,
				8D463CD71C858061009F16E8 /* Release */,
			);
			defaultConfigurationIsVisible = 0;
			defaultConfigurationName = Release;
		};
		8D463CD81C858061009F16E8 /* Build configuration list for PBXNativeTarget "swift3" */ = {
			isa = XCConfigurationList;
			buildConfigurations = (
				8D463CD91C858061009F16E8 /* Debug */,
				8D463CDA1C858061009F16E8 /* Release */,
			);
			defaultConfigurationIsVisible = 0;
			defaultConfigurationName = Release;
		};
		8D463CDB1C858061009F16E8 /* Build configuration list for PBXNativeTarget "swift3Tests" */ = {
			isa = XCConfigurationList;
			buildConfigurations = (
				8D463CDC1C858061009F16E8 /* Debug */,
				8D463CDD1C858061009F16E8 /* Release */,
			);
			defaultConfigurationIsVisible = 0;
			defaultConfigurationName = Release;
		};
/* End XCConfigurationList section */
	};
	rootObject = 8D463CB11C858061009F16E8 /* Project object */;
}
